// !$*UTF8*$!
{
	archiveVersion = 1;
	classes = {
	};
	objectVersion = 46;
	objects = {

/* Begin PBXBuildFile section */
		8168DB3F065590B132DF4F4B /* Pods_DateTips.framework in Frameworks */ = {isa = PBXBuildFile; fileRef = B39F8494BD695F03BA4AED40 /* Pods_DateTips.framework */; };
		96BECD141D64637100010CFC /* AppDelegate.swift in Sources */ = {isa = PBXBuildFile; fileRef = 96BECD131D64637100010CFC /* AppDelegate.swift */; };
		96BECD191D64637100010CFC /* Main.storyboard in Resources */ = {isa = PBXBuildFile; fileRef = 96BECD171D64637100010CFC /* Main.storyboard */; };
		96BECD1B1D64637100010CFC /* Assets.xcassets in Resources */ = {isa = PBXBuildFile; fileRef = 96BECD1A1D64637100010CFC /* Assets.xcassets */; };
		96BECD1E1D64637100010CFC /* LaunchScreen.storyboard in Resources */ = {isa = PBXBuildFile; fileRef = 96BECD1C1D64637100010CFC /* LaunchScreen.storyboard */; };
		96BECD271D64648600010CFC /* MainVCtrl.swift in Sources */ = {isa = PBXBuildFile; fileRef = 96BECD261D64648600010CFC /* MainVCtrl.swift */; };
/* End PBXBuildFile section */

/* Begin PBXFileReference section */
		96BECD101D64637100010CFC /* DateTips.app */ = {isa = PBXFileReference; explicitFileType = wrapper.application; includeInIndex = 0; path = DateTips.app; sourceTree = BUILT_PRODUCTS_DIR; };
		96BECD131D64637100010CFC /* AppDelegate.swift */ = {isa = PBXFileReference; lastKnownFileType = sourcecode.swift; path = AppDelegate.swift; sourceTree = "<group>"; };
		96BECD181D64637100010CFC /* Base */ = {isa = PBXFileReference; lastKnownFileType = file.storyboard; name = Base; path = Base.lproj/Main.storyboard; sourceTree = "<group>"; };
		96BECD1A1D64637100010CFC /* Assets.xcassets */ = {isa = PBXFileReference; lastKnownFileType = folder.assetcatalog; path = Assets.xcassets; sourceTree = "<group>"; };
		96BECD1D1D64637100010CFC /* Base */ = {isa = PBXFileReference; lastKnownFileType = file.storyboard; name = Base; path = Base.lproj/LaunchScreen.storyboard; sourceTree = "<group>"; };
		96BECD1F1D64637100010CFC /* Info.plist */ = {isa = PBXFileReference; lastKnownFileType = text.plist.xml; path = Info.plist; sourceTree = "<group>"; };
		96BECD261D64648600010CFC /* MainVCtrl.swift */ = {isa = PBXFileReference; fileEncoding = 4; lastKnownFileType = sourcecode.swift; path = MainVCtrl.swift; sourceTree = "<group>"; };
		9A56DCD890B9F3259A5D5DB0 /* Pods-DateTips.release.xcconfig */ = {isa = PBXFileReference; includeInIndex = 1; lastKnownFileType = text.xcconfig; name = "Pods-DateTips.release.xcconfig"; path = "Pods/Target Support Files/Pods-DateTips/Pods-DateTips.release.xcconfig"; sourceTree = "<group>"; };
		B39F8494BD695F03BA4AED40 /* Pods_DateTips.framework */ = {isa = PBXFileReference; explicitFileType = wrapper.framework; includeInIndex = 0; path = Pods_DateTips.framework; sourceTree = BUILT_PRODUCTS_DIR; };
		FC60E9972E23F94F1FDDB35B /* Pods-DateTips.debug.xcconfig */ = {isa = PBXFileReference; includeInIndex = 1; lastKnownFileType = text.xcconfig; name = "Pods-DateTips.debug.xcconfig"; path = "Pods/Target Support Files/Pods-DateTips/Pods-DateTips.debug.xcconfig"; sourceTree = "<group>"; };
/* End PBXFileReference section */

/* Begin PBXFrameworksBuildPhase section */
		96BECD0D1D64637100010CFC /* Frameworks */ = {
			isa = PBXFrameworksBuildPhase;
			buildActionMask = 2147483647;
			files = (
				8168DB3F065590B132DF4F4B /* Pods_DateTips.framework in Frameworks */,
			);
			runOnlyForDeploymentPostprocessing = 0;
		};
/* End PBXFrameworksBuildPhase section */

/* Begin PBXGroup section */
		7B781767045FB55D75492C6D /* Frameworks */ = {
			isa = PBXGroup;
			children = (
				B39F8494BD695F03BA4AED40 /* Pods_DateTips.framework */,
			);
			name = Frameworks;
			sourceTree = "<group>";
		};
		96BECD071D64637100010CFC = {
			isa = PBXGroup;
			children = (
				96BECD121D64637100010CFC /* DateTips */,
				96BECD111D64637100010CFC /* Products */,
				E10B1AF42BEAB511F0FCC064 /* Pods */,
				7B781767045FB55D75492C6D /* Frameworks */,
			);
			sourceTree = "<group>";
		};
		96BECD111D64637100010CFC /* Products */ = {
			isa = PBXGroup;
			children = (
				96BECD101D64637100010CFC /* DateTips.app */,
			);
			name = Products;
			sourceTree = "<group>";
		};
		96BECD121D64637100010CFC /* DateTips */ = {
			isa = PBXGroup;
			children = (
				96BECD251D64647500010CFC /* MainVCtrl */,
				96BECD131D64637100010CFC /* AppDelegate.swift */,
				96BECD171D64637100010CFC /* Main.storyboard */,
				96BECD1A1D64637100010CFC /* Assets.xcassets */,
				96BECD1C1D64637100010CFC /* LaunchScreen.storyboard */,
				96BECD1F1D64637100010CFC /* Info.plist */,
			);
			path = DateTips;
			sourceTree = "<group>";
		};
		96BECD251D64647500010CFC /* MainVCtrl */ = {
			isa = PBXGroup;
			children = (
				96BECD261D64648600010CFC /* MainVCtrl.swift */,
			);
			path = MainVCtrl;
			sourceTree = "<group>";
		};
		E10B1AF42BEAB511F0FCC064 /* Pods */ = {
			isa = PBXGroup;
			children = (
				FC60E9972E23F94F1FDDB35B /* Pods-DateTips.debug.xcconfig */,
				9A56DCD890B9F3259A5D5DB0 /* Pods-DateTips.release.xcconfig */,
			);
			name = Pods;
			sourceTree = "<group>";
		};
/* End PBXGroup section */

/* Begin PBXNativeTarget section */
		96BECD0F1D64637100010CFC /* DateTips */ = {
			isa = PBXNativeTarget;
			buildConfigurationList = 96BECD221D64637100010CFC /* Build configuration list for PBXNativeTarget "DateTips" */;
			buildPhases = (
				927061D9D343FCE2177B2C82 /* [CP] Check Pods Manifest.lock */,
				96BECD0C1D64637100010CFC /* Sources */,
				96BECD0D1D64637100010CFC /* Frameworks */,
				96BECD0E1D64637100010CFC /* Resources */,
				028F283D0FC4DBD554C6C47C /* [CP] Embed Pods Frameworks */,
				C24AF74DDA003D124D7E2C4B /* [CP] Copy Pods Resources */,
			);
			buildRules = (
			);
			dependencies = (
			);
			name = DateTips;
			productName = DateTips;
			productReference = 96BECD101D64637100010CFC /* DateTips.app */;
			productType = "com.apple.product-type.application";
		};
/* End PBXNativeTarget section */

/* Begin PBXProject section */
		96BECD081D64637100010CFC /* Project object */ = {
			isa = PBXProject;
			attributes = {
				LastSwiftUpdateCheck = 0730;
				LastUpgradeCheck = 0730;
				ORGANIZATIONNAME = "南天";
				TargetAttributes = {
					96BECD0F1D64637100010CFC = {
						CreatedOnToolsVersion = 7.3.1;
					};
				};
			};
			buildConfigurationList = 96BECD0B1D64637100010CFC /* Build configuration list for PBXProject "DateTips" */;
			compatibilityVersion = "Xcode 3.2";
			developmentRegion = English;
			hasScannedForEncodings = 0;
			knownRegions = (
				en,
				Base,
			);
			mainGroup = 96BECD071D64637100010CFC;
			productRefGroup = 96BECD111D64637100010CFC /* Products */;
			projectDirPath = "";
			projectRoot = "";
			targets = (
				96BECD0F1D64637100010CFC /* DateTips */,
			);
		};
/* End PBXProject section */

/* Begin PBXResourcesBuildPhase section */
		96BECD0E1D64637100010CFC /* Resources */ = {
			isa = PBXResourcesBuildPhase;
			buildActionMask = 2147483647;
			files = (
				96BECD1E1D64637100010CFC /* LaunchScreen.storyboard in Resources */,
				96BECD1B1D64637100010CFC /* Assets.xcassets in Resources */,
				96BECD191D64637100010CFC /* Main.storyboard in Resources */,
			);
			runOnlyForDeploymentPostprocessing = 0;
		};
/* End PBXResourcesBuildPhase section */

/* Begin PBXShellScriptBuildPhase section */
		028F283D0FC4DBD554C6C47C /* [CP] Embed Pods Frameworks */ = {
			isa = PBXShellScriptBuildPhase;
			buildActionMask = 2147483647;
			files = (
			);
			inputPaths = (
			);
			name = "[CP] Embed Pods Frameworks";
			outputPaths = (
			);
			runOnlyForDeploymentPostprocessing = 0;
			shellPath = /bin/sh;
			shellScript = "\"${SRCROOT}/Pods/Target Support Files/Pods-DateTips/Pods-DateTips-frameworks.sh\"\n";
			showEnvVarsInLog = 0;
		};
		927061D9D343FCE2177B2C82 /* [CP] Check Pods Manifest.lock */ = {
			isa = PBXShellScriptBuildPhase;
			buildActionMask = 2147483647;
			files = (
			);
			inputPaths = (
			);
			name = "[CP] Check Pods Manifest.lock";
			outputPaths = (
			);
			runOnlyForDeploymentPostprocessing = 0;
			shellPath = /bin/sh;
			shellScript = "diff \"${PODS_ROOT}/../Podfile.lock\" \"${PODS_ROOT}/Manifest.lock\" > /dev/null\nif [[ $? != 0 ]] ; then\n    cat << EOM\nerror: The sandbox is not in sync with the Podfile.lock. Run 'pod install' or update your CocoaPods installation.\nEOM\n    exit 1\nfi\n";
			showEnvVarsInLog = 0;
		};
		C24AF74DDA003D124D7E2C4B /* [CP] Copy Pods Resources */ = {
			isa = PBXShellScriptBuildPhase;
			buildActionMask = 2147483647;
			files = (
			);
			inputPaths = (
			);
			name = "[CP] Copy Pods Resources";
			outputPaths = (
			);
			runOnlyForDeploymentPostprocessing = 0;
			shellPath = /bin/sh;
			shellScript = "\"${SRCROOT}/Pods/Target Support Files/Pods-DateTips/Pods-DateTips-resources.sh\"\n";
			showEnvVarsInLog = 0;
		};
/* End PBXShellScriptBuildPhase section */

/* Begin PBXSourcesBuildPhase section */
		96BECD0C1D64637100010CFC /* Sources */ = {
			isa = PBXSourcesBuildPhase;
			buildActionMask = 2147483647;
			files = (
				96BECD271D64648600010CFC /* MainVCtrl.swift in Sources */,
				96BECD141D64637100010CFC /* AppDelegate.swift in Sources */,
			);
			runOnlyForDeploymentPostprocessing = 0;
		};
/* End PBXSourcesBuildPhase section */

/* Begin PBXVariantGroup section */
		96BECD171D64637100010CFC /* Main.storyboard */ = {
			isa = PBXVariantGroup;
			children = (
				96BECD181D64637100010CFC /* Base */,
			);
			name = Main.storyboard;
			sourceTree = "<group>";
		};
		96BECD1C1D64637100010CFC /* LaunchScreen.storyboard */ = {
			isa = PBXVariantGroup;
			children = (
				96BECD1D1D64637100010CFC /* Base */,
			);
			name = LaunchScreen.storyboard;
			sourceTree = "<group>";
		};
/* End PBXVariantGroup section */

/* Begin XCBuildConfiguration section */
		96BECD201D64637100010CFC /* Debug */ = {
			isa = XCBuildConfiguration;
			buildSettings = {
				ALWAYS_SEARCH_USER_PATHS = NO;
				CLANG_ANALYZER_NONNULL = YES;
				CLANG_CXX_LANGUAGE_STANDARD = "gnu++0x";
				CLANG_CXX_LIBRARY = "libc++";
				CLANG_ENABLE_MODULES = YES;
				CLANG_ENABLE_OBJC_ARC = YES;
				CLANG_WARN_BOOL_CONVERSION = YES;
				CLANG_WARN_CONSTANT_CONVERSION = YES;
				CLANG_WARN_DIRECT_OBJC_ISA_USAGE = YES_ERROR;
				CLANG_WARN_EMPTY_BODY = YES;
				CLANG_WARN_ENUM_CONVERSION = YES;
				CLANG_WARN_INT_CONVERSION = YES;
				CLANG_WARN_OBJC_ROOT_CLASS = YES_ERROR;
				CLANG_WARN_UNREACHABLE_CODE = YES;
				CLANG_WARN__DUPLICATE_METHOD_MATCH = YES;
				"CODE_SIGN_IDENTITY[sdk=iphoneos*]" = "iPhone Developer";
				COPY_PHASE_STRIP = NO;
				DEBUG_INFORMATION_FORMAT = dwarf;
				ENABLE_STRICT_OBJC_MSGSEND = YES;
				ENABLE_TESTABILITY = YES;
				GCC_C_LANGUAGE_STANDARD = gnu99;
				GCC_DYNAMIC_NO_PIC = NO;
				GCC_NO_COMMON_BLOCKS = YES;
				GCC_OPTIMIZATION_LEVEL = 0;
				GCC_PREPROCESSOR_DEFINITIONS = (
					"DEBUG=1",
					"$(inherited)",
				);
				GCC_WARN_64_TO_32_BIT_CONVERSION = YES;
				GCC_WARN_ABOUT_RETURN_TYPE = YES_ERROR;
				GCC_WARN_UNDECLARED_SELECTOR = YES;
				GCC_WARN_UNINITIALIZED_AUTOS = YES_AGGRESSIVE;
				GCC_WARN_UNUSED_FUNCTION = YES;
				GCC_WARN_UNUSED_VARIABLE = YES;
				IPHONEOS_DEPLOYMENT_TARGET = 9.3;
				MTL_ENABLE_DEBUG_INFO = YES;
				ONLY_ACTIVE_ARCH = YES;
				SDKROOT = iphoneos;
				SWIFT_OPTIMIZATION_LEVEL = "-Onone";
			};
			name = Debug;
		};
		96BECD211D64637100010CFC /* Release */ = {
			isa = XCBuildConfiguration;
			buildSettings = {
				ALWAYS_SEARCH_USER_PATHS = NO;
				CLANG_ANALYZER_NONNULL = YES;
				CLANG_CXX_LANGUAGE_STANDARD = "gnu++0x";
				CLANG_CXX_LIBRARY = "libc++";
				CLANG_ENABLE_MODULES = YES;
				CLANG_ENABLE_OBJC_ARC = YES;
				CLANG_WARN_BOOL_CONVERSION = YES;
				CLANG_WARN_CONSTANT_CONVERSION = YES;
				CLANG_WARN_DIRECT_OBJC_ISA_USAGE = YES_ERROR;
				CLANG_WARN_EMPTY_BODY = YES;
				CLANG_WARN_ENUM_CONVERSION = YES;
				CLANG_WARN_INT_CONVERSION = YES;
				CLANG_WARN_OBJC_ROOT_CLASS = YES_ERROR;
				CLANG_WARN_UNREACHABLE_CODE = YES;
				CLANG_WARN__DUPLICATE_METHOD_MATCH = YES;
				"CODE_SIGN_IDENTITY[sdk=iphoneos*]" = "iPhone Developer";
				COPY_PHASE_STRIP = NO;
				DEBUG_INFORMATION_FORMAT = "dwarf-with-dsym";
				ENABLE_NS_ASSERTIONS = NO;
				ENABLE_STRICT_OBJC_MSGSEND = YES;
				GCC_C_LANGUAGE_STANDARD = gnu99;
				GCC_NO_COMMON_BLOCKS = YES;
				GCC_WARN_64_TO_32_BIT_CONVERSION = YES;
				GCC_WARN_ABOUT_RETURN_TYPE = YES_ERROR;
				GCC_WARN_UNDECLARED_SELECTOR = YES;
				GCC_WARN_UNINITIALIZED_AUTOS = YES_AGGRESSIVE;
				GCC_WARN_UNUSED_FUNCTION = YES;
				GCC_WARN_UNUSED_VARIABLE = YES;
				IPHONEOS_DEPLOYMENT_TARGET = 9.3;
				MTL_ENABLE_DEBUG_INFO = NO;
				SDKROOT = iphoneos;
				VALIDATE_PRODUCT = YES;
			};
			name = Release;
		};
		96BECD231D64637100010CFC /* Debug */ = {
			isa = XCBuildConfiguration;
			baseConfigurationReference = FC60E9972E23F94F1FDDB35B /* Pods-DateTips.debug.xcconfig */;
			buildSettings = {
				ASSETCATALOG_COMPILER_APPICON_NAME = AppIcon;
				INFOPLIST_FILE = DateTips/Info.plist;
				LD_RUNPATH_SEARCH_PATHS = "$(inherited) @executable_path/Frameworks";
				PRODUCT_BUNDLE_IDENTIFIER = com.nantian.DateTips;
				PRODUCT_NAME = "$(TARGET_NAME)";
			};
			name = Debug;
		};
		96BECD241D64637100010CFC /* Release */ = {
			isa = XCBuildConfiguration;
			baseConfigurationReference = 9A56DCD890B9F3259A5D5DB0 /* Pods-DateTips.release.xcconfig */;
			buildSettings = {
				ASSETCATALOG_COMPILER_APPICON_NAME = AppIcon;
				INFOPLIST_FILE = DateTips/Info.plist;
				LD_RUNPATH_SEARCH_PATHS = "$(inherited) @executable_path/Frameworks";
				PRODUCT_BUNDLE_IDENTIFIER = com.nantian.DateTips;
				PRODUCT_NAME = "$(TARGET_NAME)";
			};
			name = Release;
		};
/* End XCBuildConfiguration section */

/* Begin XCConfigurationList section */
		96BECD0B1D64637100010CFC /* Build configuration list for PBXProject "DateTips" */ = {
			isa = XCConfigurationList;
			buildConfigurations = (
				96BECD201D64637100010CFC /* Debug */,
				96BECD211D64637100010CFC /* Release */,
			);
			defaultConfigurationIsVisible = 0;
			defaultConfigurationName = Release;
		};
		96BECD221D64637100010CFC /* Build configuration list for PBXNativeTarget "DateTips" */ = {
			isa = XCConfigurationList;
			buildConfigurations = (
				96BECD231D64637100010CFC /* Debug */,
				96BECD241D64637100010CFC /* Release */,
			);
			defaultConfigurationIsVisible = 0;
			defaultConfigurationName = Release;
		};
/* End XCConfigurationList section */
	};
	rootObject = 96BECD081D64637100010CFC /* Project object */;
}
